PODS:
  - NCWeibo (0.2.0):
    - SAMKeychain (~> 1.5.2)
  - SAMKeychain (1.5.2)

DEPENDENCIES:
  - NCWeibo
  - SAMKeychain

SPEC CHECKSUMS:
  NCWeibo: b3c675adf5ca639c4ab5a35643745738bb9fd5a7
  SAMKeychain: 1865333198217411f35327e8da61b43de79b635b

PODFILE CHECKSUM: d5300ebf0b414977b73e85b59e152e0e3809e274

COCOAPODS: 1.1.1
